// !$*UTF8*$!
{
	archiveVersion = 1;
	classes = {
	};
	objectVersion = 77;
	objects = {

/* Begin PBXBuildFile section */
		4F1CFA3B3C917921989FF8CF /* BetaFeedbackKit in Frameworks */ = {isa = PBXBuildFile; productRef = FD136BF40B49F2512017E8C0 /* BetaFeedbackKit */; };
		98720B4A7AEDB22BEB7A33E6 /* BetaFeedbackDemoApp.swift in Sources */ = {isa = PBXBuildFile; fileRef = E4AC44B62FE67A91F313D4A7 /* BetaFeedbackDemoApp.swift */; };
/* End PBXBuildFile section */

/* Begin PBXFileReference section */
		26D21B3BCB6DC62A290DCAA2 /* BetaFeedbackDemo.app */ = {isa = PBXFileReference; includeInIndex = 0; lastKnownFileType = wrapper.application; path = BetaFeedbackDemo.app; sourceTree = BUILT_PRODUCTS_DIR; };
		270AEC98C20CAD617716E4A2 /* BetaKit */ = {isa = PBXFileReference; lastKnownFileType = folder; name = BetaKit; path = ../..; sourceTree = SOURCE_ROOT; };
		E4AC44B62FE67A91F313D4A7 /* BetaFeedbackDemoApp.swift */ = {isa = PBXFileReference; lastKnownFileType = sourcecode.swift; path = BetaFeedbackDemoApp.swift; sourceTree = "<group>"; };
/* End PBXFileReference section */

/* Begin PBXFrameworksBuildPhase section */
		D84D1E58785B67B8B7FAC46F /* Frameworks */ = {
			isa = PBXFrameworksBuildPhase;
			buildActionMask = 2147483647;
			files = (
				4F1CFA3B3C917921989FF8CF /* BetaFeedbackKit in Frameworks */,
			);
			runOnlyForDeploymentPostprocessing = 0;
		};
/* End PBXFrameworksBuildPhase section */

/* Begin PBXGroup section */
		AB758B972935651AF1EA9B5B /* BetaFeedbackDemo */ = {
			isa = PBXGroup;
			children = (
				E4AC44B62FE67A91F313D4A7 /* BetaFeedbackDemoApp.swift */,
			);
			name = BetaFeedbackDemo;
			path = Sources/BetaFeedbackDemo;
			sourceTree = "<group>";
		};
		B16BD172CD8BBF127BA49549 /* Products */ = {
			isa = PBXGroup;
			children = (
				26D21B3BCB6DC62A290DCAA2 /* BetaFeedbackDemo.app */,
			);
			name = Products;
			sourceTree = "<group>";
		};
		B648F10E78F0E28F36B90F3A = {
			isa = PBXGroup;
			children = (
				AB758B972935651AF1EA9B5B /* BetaFeedbackDemo */,
				D553980D5F0D9B5A7D05DCAB /* Packages */,
				B16BD172CD8BBF127BA49549 /* Products */,
			);
			sourceTree = "<group>";
		};
		D553980D5F0D9B5A7D05DCAB /* Packages */ = {
			isa = PBXGroup;
			children = (
				270AEC98C20CAD617716E4A2 /* BetaKit */,
			);
			name = Packages;
			sourceTree = "<group>";
		};
/* End PBXGroup section */

/* Begin PBXNativeTarget section */
		F8FCD64678B2E89A3C801D32 /* BetaFeedbackDemo */ = {
			isa = PBXNativeTarget;
			buildConfigurationList = 1FA93F278AB78109A8F2255B /* Build configuration list for PBXNativeTarget "BetaFeedbackDemo" */;
			buildPhases = (
				9ACD6DC90C9F776F5A943F2E /* Sources */,
				D84D1E58785B67B8B7FAC46F /* Frameworks */,
			);
			buildRules = (
			);
			dependencies = (
			);
			name = BetaFeedbackDemo;
			packageProductDependencies = (
				FD136BF40B49F2512017E8C0 /* BetaFeedbackKit */,
			);
			productName = BetaFeedbackDemo;
			productReference = 26D21B3BCB6DC62A290DCAA2 /* BetaFeedbackDemo.app */;
			productType = "com.apple.product-type.application";
		};
/* End PBXNativeTarget section */

/* Begin PBXProject section */
		700B79891C3CB63BE96976CC /* Project object */ = {
			isa = PBXProject;
			attributes = {
				BuildIndependentTargetsInParallel = YES;
				LastUpgradeCheck = 1430;
				TargetAttributes = {
					F8FCD64678B2E89A3C801D32 = {
						DevelopmentTeam = 9NG3C5HP77;
						ProvisioningStyle = Automatic;
					};
				};
			};
			buildConfigurationList = 718B568F3A649BAB2150BD95 /* Build configuration list for PBXProject "BetaFeedbackDemo" */;
			compatibilityVersion = "Xcode 14.0";
			developmentRegion = en;
			hasScannedForEncodings = 0;
			knownRegions = (
				Base,
				en,
			);
			mainGroup = B648F10E78F0E28F36B90F3A;
			minimizedProjectReferenceProxies = 1;
			packageReferences = (
				104688540C5EE93B6D75A2C1 /* XCLocalSwiftPackageReference "../.." */,
			);
			preferredProjectObjectVersion = 77;
			projectDirPath = "";
			projectRoot = "";
			targets = (
				F8FCD64678B2E89A3C801D32 /* BetaFeedbackDemo */,
			);
		};
/* End PBXProject section */

/* Begin PBXSourcesBuildPhase section */
		9ACD6DC90C9F776F5A943F2E /* Sources */ = {
			isa = PBXSourcesBuildPhase;
			buildActionMask = 2147483647;
			files = (
				98720B4A7AEDB22BEB7A33E6 /* BetaFeedbackDemoApp.swift in Sources */,
			);
			runOnlyForDeploymentPostprocessing = 0;
		};
/* End PBXSourcesBuildPhase section */

/* Begin XCBuildConfiguration section */
		961D34F8A898284F60E617A0 /* Release */ = {
			isa = XCBuildConfiguration;
			buildSettings = {
				ALWAYS_SEARCH_USER_PATHS = NO;
				CLANG_ANALYZER_NONNULL = YES;
				CLANG_ANALYZER_NUMBER_OBJECT_CONVERSION = YES_AGGRESSIVE;
				CLANG_CXX_LANGUAGE_STANDARD = "gnu++14";
				CLANG_CXX_LIBRARY = "libc++";
				CLANG_ENABLE_MODULES = YES;
				CLANG_ENABLE_OBJC_ARC = YES;
				CLANG_ENABLE_OBJC_WEAK = YES;
				CLANG_WARN_BLOCK_CAPTURE_AUTORELEASING = YES;
				CLANG_WARN_BOOL_CONVERSION = YES;
				CLANG_WARN_COMMA = YES;
				CLANG_WARN_CONSTANT_CONVERSION = YES;
				CLANG_WARN_DEPRECATED_OBJC_IMPLEMENTATIONS = YES;
				CLANG_WARN_DIRECT_OBJC_ISA_USAGE = YES_ERROR;
				CLANG_WARN_DOCUMENTATION_COMMENTS = YES;
				CLANG_WARN_EMPTY_BODY = YES;
				CLANG_WARN_ENUM_CONVERSION = YES;
				CLANG_WARN_INFINITE_RECURSION = YES;
				CLANG_WARN_INT_CONVERSION = YES;
				CLANG_WARN_NON_LITERAL_NULL_CONVERSION = YES;
				CLANG_WARN_OBJC_IMPLICIT_RETAIN_SELF = YES;
				CLANG_WARN_OBJC_LITERAL_CONVERSION = YES;
				CLANG_WARN_OBJC_ROOT_CLASS = YES_ERROR;
				CLANG_WARN_QUOTED_INCLUDE_IN_FRAMEWORK_HEADER = YES;
				CLANG_WARN_RANGE_LOOP_ANALYSIS = YES;
				CLANG_WARN_STRICT_PROTOTYPES = YES;
				CLANG_WARN_SUSPICIOUS_MOVE = YES;
				CLANG_WARN_UNGUARDED_AVAILABILITY = YES_AGGRESSIVE;
				CLANG_WARN_UNREACHABLE_CODE = YES;
				CLANG_WARN__DUPLICATE_METHOD_MATCH = YES;
				COPY_PHASE_STRIP = NO;
				DEBUG_INFORMATION_FORMAT = "dwarf-with-dsym";
				ENABLE_NS_ASSERTIONS = NO;
				ENABLE_STRICT_OBJC_MSGSEND = YES;
				GCC_C_LANGUAGE_STANDARD = gnu11;
				GCC_NO_COMMON_BLOCKS = YES;
				GCC_WARN_64_TO_32_BIT_CONVERSION = YES;
				GCC_WARN_ABOUT_RETURN_TYPE = YES_ERROR;
				GCC_WARN_UNDECLARED_SELECTOR = YES;
				GCC_WARN_UNINITIALIZED_AUTOS = YES_AGGRESSIVE;
				GCC_WARN_UNUSED_FUNCTION = YES;
				GCC_WARN_UNUSED_VARIABLE = YES;
				IPHONEOS_DEPLOYMENT_TARGET = 17.0;
				MTL_ENABLE_DEBUG_INFO = NO;
				MTL_FAST_MATH = YES;
				PRODUCT_NAME = "$(TARGET_NAME)";
				SDKROOT = iphoneos;
				SWIFT_COMPILATION_MODE = wholemodule;
				SWIFT_OPTIMIZATION_LEVEL = "-O";
				SWIFT_VERSION = 5.0;
			};
			name = Release;
		};
		AA6C8C4C63B434AD186EC337 /* Release */ = {
			isa = XCBuildConfiguration;
			buildSettings = {
				ASSETCATALOG_COMPILER_APPICON_NAME = AppIcon;
				CODE_SIGN_IDENTITY = "iPhone Developer";
				CODE_SIGN_STYLE = Automatic;
				CURRENT_PROJECT_VERSION = 1;
				DEVELOPMENT_TEAM = 9NG3C5HP77;
				GENERATE_INFOPLIST_FILE = YES;
				INFOPLIST_FILE = Supporting/Info.plist;
				LD_RUNPATH_SEARCH_PATHS = (
					"$(inherited)",
					"@executable_path/Frameworks",
				);
				MARKETING_VERSION = 1.0;
				PRODUCT_BUNDLE_IDENTIFIER = dev.andreasink.BetaFeedbackDemo;
				PRODUCT_NAME = BetaFeedbackDemo;
				SDKROOT = iphoneos;
				SWIFT_VERSION = 6.0;
				TARGETED_DEVICE_FAMILY = 1;
			};
			name = Release;
		};
		F7DB7A42E31C6611D04EDC51 /* Debug */ = {
			isa = XCBuildConfiguration;
			buildSettings = {
				ASSETCATALOG_COMPILER_APPICON_NAME = AppIcon;
				CODE_SIGN_IDENTITY = "iPhone Developer";
				CODE_SIGN_STYLE = Automatic;
				CURRENT_PROJECT_VERSION = 1;
				DEVELOPMENT_TEAM = 9NG3C5HP77;
				GENERATE_INFOPLIST_FILE = YES;
				INFOPLIST_FILE = Supporting/Info.plist;
				LD_RUNPATH_SEARCH_PATHS = (
					"$(inherited)",
					"@executable_path/Frameworks",
				);
				MARKETING_VERSION = 1.0;
				PRODUCT_BUNDLE_IDENTIFIER = dev.andreasink.BetaFeedbackDemo;
				PRODUCT_NAME = BetaFeedbackDemo;
				SDKROOT = iphoneos;
				SWIFT_VERSION = 6.0;
				TARGETED_DEVICE_FAMILY = 1;
			};
			name = Debug;
		};
		F7E1019BEC0E67926121A1CB /* Debug */ = {
			isa = XCBuildConfiguration;
			buildSettings = {
				ALWAYS_SEARCH_USER_PATHS = NO;
				CLANG_ANALYZER_NONNULL = YES;
				CLANG_ANALYZER_NUMBER_OBJECT_CONVERSION = YES_AGGRESSIVE;
				CLANG_CXX_LANGUAGE_STANDARD = "gnu++14";
				CLANG_CXX_LIBRARY = "libc++";
				CLANG_ENABLE_MODULES = YES;
				CLANG_ENABLE_OBJC_ARC = YES;
				CLANG_ENABLE_OBJC_WEAK = YES;
				CLANG_WARN_BLOCK_CAPTURE_AUTORELEASING = YES;
				CLANG_WARN_BOOL_CONVERSION = YES;
				CLANG_WARN_COMMA = YES;
				CLANG_WARN_CONSTANT_CONVERSION = YES;
				CLANG_WARN_DEPRECATED_OBJC_IMPLEMENTATIONS = YES;
				CLANG_WARN_DIRECT_OBJC_ISA_USAGE = YES_ERROR;
				CLANG_WARN_DOCUMENTATION_COMMENTS = YES;
				CLANG_WARN_EMPTY_BODY = YES;
				CLANG_WARN_ENUM_CONVERSION = YES;
				CLANG_WARN_INFINITE_RECURSION = YES;
				CLANG_WARN_INT_CONVERSION = YES;
				CLANG_WARN_NON_LITERAL_NULL_CONVERSION = YES;
				CLANG_WARN_OBJC_IMPLICIT_RETAIN_SELF = YES;
				CLANG_WARN_OBJC_LITERAL_CONVERSION = YES;
				CLANG_WARN_OBJC_ROOT_CLASS = YES_ERROR;
				CLANG_WARN_QUOTED_INCLUDE_IN_FRAMEWORK_HEADER = YES;
				CLANG_WARN_RANGE_LOOP_ANALYSIS = YES;
				CLANG_WARN_STRICT_PROTOTYPES = YES;
				CLANG_WARN_SUSPICIOUS_MOVE = YES;
				CLANG_WARN_UNGUARDED_AVAILABILITY = YES_AGGRESSIVE;
				CLANG_WARN_UNREACHABLE_CODE = YES;
				CLANG_WARN__DUPLICATE_METHOD_MATCH = YES;
				COPY_PHASE_STRIP = NO;
				DEBUG_INFORMATION_FORMAT = dwarf;
				ENABLE_STRICT_OBJC_MSGSEND = YES;
				ENABLE_TESTABILITY = YES;
				GCC_C_LANGUAGE_STANDARD = gnu11;
				GCC_DYNAMIC_NO_PIC = NO;
				GCC_NO_COMMON_BLOCKS = YES;
				GCC_OPTIMIZATION_LEVEL = 0;
				GCC_PREPROCESSOR_DEFINITIONS = (
					"$(inherited)",
					"DEBUG=1",
				);
				GCC_WARN_64_TO_32_BIT_CONVERSION = YES;
				GCC_WARN_ABOUT_RETURN_TYPE = YES_ERROR;
				GCC_WARN_UNDECLARED_SELECTOR = YES;
				GCC_WARN_UNINITIALIZED_AUTOS = YES_AGGRESSIVE;
				GCC_WARN_UNUSED_FUNCTION = YES;
				GCC_WARN_UNUSED_VARIABLE = YES;
				IPHONEOS_DEPLOYMENT_TARGET = 17.0;
				MTL_ENABLE_DEBUG_INFO = INCLUDE_SOURCE;
				MTL_FAST_MATH = YES;
				ONLY_ACTIVE_ARCH = YES;
				PRODUCT_NAME = "$(TARGET_NAME)";
				SDKROOT = iphoneos;
				SWIFT_ACTIVE_COMPILATION_CONDITIONS = DEBUG;
				SWIFT_OPTIMIZATION_LEVEL = "-Onone";
				SWIFT_VERSION = 5.0;
			};
			name = Debug;
		};
/* End XCBuildConfiguration section */

/* Begin XCConfigurationList section */
		1FA93F278AB78109A8F2255B /* Build configuration list for PBXNativeTarget "BetaFeedbackDemo" */ = {
			isa = XCConfigurationList;
			buildConfigurations = (
				F7DB7A42E31C6611D04EDC51 /* Debug */,
				AA6C8C4C63B434AD186EC337 /* Release */,
			);
			defaultConfigurationIsVisible = 0;
			defaultConfigurationName = Debug;
		};
		718B568F3A649BAB2150BD95 /* Build configuration list for PBXProject "BetaFeedbackDemo" */ = {
			isa = XCConfigurationList;
			buildConfigurations = (
				F7E1019BEC0E67926121A1CB /* Debug */,
				961D34F8A898284F60E617A0 /* Release */,
			);
			defaultConfigurationIsVisible = 0;
			defaultConfigurationName = Debug;
		};
/* End XCConfigurationList section */

/* Begin XCLocalSwiftPackageReference section */
		104688540C5EE93B6D75A2C1 /* XCLocalSwiftPackageReference "../.." */ = {
			isa = XCLocalSwiftPackageReference;
			relativePath = ../..;
		};
/* End XCLocalSwiftPackageReference section */

/* Begin XCSwiftPackageProductDependency section */
		FD136BF40B49F2512017E8C0 /* BetaFeedbackKit */ = {
			isa = XCSwiftPackageProductDependency;
			productName = BetaFeedbackKit;
		};
/* End XCSwiftPackageProductDependency section */
	};
	rootObject = 700B79891C3CB63BE96976CC /* Project object */;
}
